Microsoft Visual Studio Solution File, Format Version 12.00
# Visual Studio Version 17
VisualStudioVersion = 17.5.2.0
MinimumVisualStudioVersion = 10.0.40219.1
Project("{FAE04EC0-301F-11D3-BF4B-00C04F79EFBC}") = "DeviceOperations", "DeviceOperations.csproj", "{BE4BF92F-DF42-07CE-2232-63D80538038D}"
EndProject
Global
	GlobalSection(SolutionConfigurationPlatforms) = preSolution
		Debug|Any CPU = Debug|Any CPU
		Release|Any CPU = Release|Any CPU
	EndGlobalSection
	GlobalSection(ProjectConfigurationPlatforms) = postSolution
		{BE4BF92F-DF42-07CE-2232-63D80538038D}.Debug|Any CPU.ActiveCfg = Debug|Any CPU
		{BE4BF92F-DF42-07CE-2232-63D80538038D}.Debug|Any CPU.Build.0 = Debug|Any CPU
		{BE4BF92F-DF42-07CE-2232-63D80538038D}.Release|Any CPU.ActiveCfg = Release|Any CPU
		{BE4BF92F-DF42-07CE-2232-63D80538038D}.Release|Any CPU.Build.0 = Release|Any CPU
	EndGlobalSection
	GlobalSection(SolutionProperties) = preSolution
		HideSolutionNode = FALSE
	EndGlobalSection
	GlobalSection(ExtensibilityGlobals) = postSolution
		SolutionGuid = {8FC5D770-A80A-42E2-B194-003FB528F814}
	EndGlobalSection
EndGlobal
